// !$*UTF8*$!
{
	archiveVersion = 1;
	classes = {
	};
	objectVersion = 50;
	objects = {

/* Begin PBXBuildFile section */
		E308BEDD2678723B0014E0C0 /* NetworkingManager.swift in Sources */ = {isa = PBXBuildFile; fileRef = E308BEDC2678723B0014E0C0 /* NetworkingManager.swift */; };
		E308BEE026790AB80014E0C0 /* CoinImageView.swift in Sources */ = {isa = PBXBuildFile; fileRef = E308BEDF26790AB80014E0C0 /* CoinImageView.swift */; };
		E308BEE426790DAF0014E0C0 /* CoinImageViewModel.swift in Sources */ = {isa = PBXBuildFile; fileRef = E308BEE326790DAF0014E0C0 /* CoinImageViewModel.swift */; };
		E308BEE626793B000014E0C0 /* LocalFileManager.swift in Sources */ = {isa = PBXBuildFile; fileRef = E308BEE526793B000014E0C0 /* LocalFileManager.swift */; };
		E308BEE826793BC00014E0C0 /* CoinImageService.swift in Sources */ = {isa = PBXBuildFile; fileRef = E308BEE726793BC00014E0C0 /* CoinImageService.swift */; };
		E354063D267DAC22005ADC0E /* UIApplication.swift in Sources */ = {isa = PBXBuildFile; fileRef = E354063C267DAC22005ADC0E /* UIApplication.swift */; };
		E354063F267E2BCA005ADC0E /* Statistic.swift in Sources */ = {isa = PBXBuildFile; fileRef = E354063E267E2BCA005ADC0E /* Statistic.swift */; };
		E3540641267E2D0B005ADC0E /* StatisticView.swift in Sources */ = {isa = PBXBuildFile; fileRef = E3540640267E2D0B005ADC0E /* StatisticView.swift */; };
		E3540645267E3009005ADC0E /* HomeStatsView.swift in Sources */ = {isa = PBXBuildFile; fileRef = E3540644267E3009005ADC0E /* HomeStatsView.swift */; };
		E3540647267E35C6005ADC0E /* MarketDataModel.swift in Sources */ = {isa = PBXBuildFile; fileRef = E3540646267E35C6005ADC0E /* MarketDataModel.swift */; };
		E3540649267E382E005ADC0E /* MarketDataService.swift in Sources */ = {isa = PBXBuildFile; fileRef = E3540648267E382E005ADC0E /* MarketDataService.swift */; };
		E354064B267E449B005ADC0E /* PortfolioView.swift in Sources */ = {isa = PBXBuildFile; fileRef = E354064A267E449B005ADC0E /* PortfolioView.swift */; };
		E354064D267E4683005ADC0E /* XMarkButton.swift in Sources */ = {isa = PBXBuildFile; fileRef = E354064C267E4683005ADC0E /* XMarkButton.swift */; };
		E354064F267E4824005ADC0E /* CoinLogoView.swift in Sources */ = {isa = PBXBuildFile; fileRef = E354064E267E4824005ADC0E /* CoinLogoView.swift */; };
		E3590FCD2673170B00BB61E8 /* Double.swift in Sources */ = {isa = PBXBuildFile; fileRef = E3590FCC2673170B00BB61E8 /* Double.swift */; };
		E3590FCF2673AF5800BB61E8 /* HomeViewModel.swift in Sources */ = {isa = PBXBuildFile; fileRef = E3590FCE2673AF5800BB61E8 /* HomeViewModel.swift */; };
		E3590FD22673BA7F00BB61E8 /* CoinDataService.swift in Sources */ = {isa = PBXBuildFile; fileRef = E3590FD12673BA7F00BB61E8 /* CoinDataService.swift */; };
		E35FC4552672733200F9E92B /* CoinRowView.swift in Sources */ = {isa = PBXBuildFile; fileRef = E35FC4542672733200F9E92B /* CoinRowView.swift */; };
		E35FC4572672741600F9E92B /* PreviewProvider.swift in Sources */ = {isa = PBXBuildFile; fileRef = E35FC4562672741600F9E92B /* PreviewProvider.swift */; };
		E37428BF267E886C004D59B1 /* PortfolioContainer.xcdatamodeld in Sources */ = {isa = PBXBuildFile; fileRef = E37428BD267E886C004D59B1 /* PortfolioContainer.xcdatamodeld */; };
		E37428C1267E8906004D59B1 /* PortfolioDataService.swift in Sources */ = {isa = PBXBuildFile; fileRef = E37428C0267E8906004D59B1 /* PortfolioDataService.swift */; };
		E37428C3267EAA88004D59B1 /* HapticManager.swift in Sources */ = {isa = PBXBuildFile; fileRef = E37428C2267EAA88004D59B1 /* HapticManager.swift */; };
		E395DEA7267D85EB00878D3B /* SearchBarView.swift in Sources */ = {isa = PBXBuildFile; fileRef = E395DEA6267D85EB00878D3B /* SearchBarView.swift */; };
		E3A64C492671DC1C000A89D9 /* DrachmaApp.swift in Sources */ = {isa = PBXBuildFile; fileRef = E3A64C482671DC1C000A89D9 /* DrachmaApp.swift */; };
		E3A64C4B2671DC1C000A89D9 /* ContentView.swift in Sources */ = {isa = PBXBuildFile; fileRef = E3A64C4A2671DC1C000A89D9 /* ContentView.swift */; };
		E3A64C4D2671DC1D000A89D9 /* Assets.xcassets in Resources */ = {isa = PBXBuildFile; fileRef = E3A64C4C2671DC1D000A89D9 /* Assets.xcassets */; };
		E3A64C502671DC1D000A89D9 /* Preview Assets.xcassets in Resources */ = {isa = PBXBuildFile; fileRef = E3A64C4F2671DC1D000A89D9 /* Preview Assets.xcassets */; };
		E3A64C592671DEDE000A89D9 /* Color.swift in Sources */ = {isa = PBXBuildFile; fileRef = E3A64C582671DEDE000A89D9 /* Color.swift */; };
		E3A64C5F2671E18F000A89D9 /* HomeView.swift in Sources */ = {isa = PBXBuildFile; fileRef = E3A64C5E2671E18F000A89D9 /* HomeView.swift */; };
		E3A64C632671E28E000A89D9 /* CircleButtonView.swift in Sources */ = {isa = PBXBuildFile; fileRef = E3A64C622671E28E000A89D9 /* CircleButtonView.swift */; };
		E3A64C652671E565000A89D9 /* CircleButtonAnimationView.swift in Sources */ = {isa = PBXBuildFile; fileRef = E3A64C642671E565000A89D9 /* CircleButtonAnimationView.swift */; };
		E3A64C682671E843000A89D9 /* Coin.swift in Sources */ = {isa = PBXBuildFile; fileRef = E3A64C672671E843000A89D9 /* Coin.swift */; };
/* End PBXBuildFile section */

/* Begin PBXFileReference section */
		E308BEDC2678723B0014E0C0 /* NetworkingManager.swift */ = {isa = PBXFileReference; lastKnownFileType = sourcecode.swift; path = NetworkingManager.swift; sourceTree = "<group>"; };
		E308BEDF26790AB80014E0C0 /* CoinImageView.swift */ = {isa = PBXFileReference; lastKnownFileType = sourcecode.swift; path = CoinImageView.swift; sourceTree = "<group>"; };
		E308BEE326790DAF0014E0C0 /* CoinImageViewModel.swift */ = {isa = PBXFileReference; lastKnownFileType = sourcecode.swift; path = CoinImageViewModel.swift; sourceTree = "<group>"; };
		E308BEE526793B000014E0C0 /* LocalFileManager.swift */ = {isa = PBXFileReference; lastKnownFileType = sourcecode.swift; path = LocalFileManager.swift; sourceTree = "<group>"; };
		E308BEE726793BC00014E0C0 /* CoinImageService.swift */ = {isa = PBXFileReference; lastKnownFileType = sourcecode.swift; path = CoinImageService.swift; sourceTree = "<group>"; };
		E354063C267DAC22005ADC0E /* UIApplication.swift */ = {isa = PBXFileReference; lastKnownFileType = sourcecode.swift; path = UIApplication.swift; sourceTree = "<group>"; };
		E354063E267E2BCA005ADC0E /* Statistic.swift */ = {isa = PBXFileReference; lastKnownFileType = sourcecode.swift; path = Statistic.swift; sourceTree = "<group>"; };
		E3540640267E2D0B005ADC0E /* StatisticView.swift */ = {isa = PBXFileReference; lastKnownFileType = sourcecode.swift; path = StatisticView.swift; sourceTree = "<group>"; };
		E3540644267E3009005ADC0E /* HomeStatsView.swift */ = {isa = PBXFileReference; lastKnownFileType = sourcecode.swift; path = HomeStatsView.swift; sourceTree = "<group>"; };
		E3540646267E35C6005ADC0E /* MarketDataModel.swift */ = {isa = PBXFileReference; lastKnownFileType = sourcecode.swift; path = MarketDataModel.swift; sourceTree = "<group>"; };
		E3540648267E382E005ADC0E /* MarketDataService.swift */ = {isa = PBXFileReference; lastKnownFileType = sourcecode.swift; path = MarketDataService.swift; sourceTree = "<group>"; };
		E354064A267E449B005ADC0E /* PortfolioView.swift */ = {isa = PBXFileReference; lastKnownFileType = sourcecode.swift; path = PortfolioView.swift; sourceTree = "<group>"; };
		E354064C267E4683005ADC0E /* XMarkButton.swift */ = {isa = PBXFileReference; lastKnownFileType = sourcecode.swift; path = XMarkButton.swift; sourceTree = "<group>"; };
		E354064E267E4824005ADC0E /* CoinLogoView.swift */ = {isa = PBXFileReference; lastKnownFileType = sourcecode.swift; path = CoinLogoView.swift; sourceTree = "<group>"; };
		E3590FCC2673170B00BB61E8 /* Double.swift */ = {isa = PBXFileReference; lastKnownFileType = sourcecode.swift; path = Double.swift; sourceTree = "<group>"; };
		E3590FCE2673AF5800BB61E8 /* HomeViewModel.swift */ = {isa = PBXFileReference; lastKnownFileType = sourcecode.swift; path = HomeViewModel.swift; sourceTree = "<group>"; };
		E3590FD12673BA7F00BB61E8 /* CoinDataService.swift */ = {isa = PBXFileReference; lastKnownFileType = sourcecode.swift; path = CoinDataService.swift; sourceTree = "<group>"; };
		E35FC4542672733200F9E92B /* CoinRowView.swift */ = {isa = PBXFileReference; lastKnownFileType = sourcecode.swift; path = CoinRowView.swift; sourceTree = "<group>"; };
		E35FC4562672741600F9E92B /* PreviewProvider.swift */ = {isa = PBXFileReference; lastKnownFileType = sourcecode.swift; path = PreviewProvider.swift; sourceTree = "<group>"; };
		E37428BE267E886C004D59B1 /* PortfolioContainer.xcdatamodel */ = {isa = PBXFileReference; lastKnownFileType = wrapper.xcdatamodel; path = PortfolioContainer.xcdatamodel; sourceTree = "<group>"; };
		E37428C0267E8906004D59B1 /* PortfolioDataService.swift */ = {isa = PBXFileReference; lastKnownFileType = sourcecode.swift; path = PortfolioDataService.swift; sourceTree = "<group>"; };
		E37428C2267EAA88004D59B1 /* HapticManager.swift */ = {isa = PBXFileReference; lastKnownFileType = sourcecode.swift; path = HapticManager.swift; sourceTree = "<group>"; };
		E395DEA6267D85EB00878D3B /* SearchBarView.swift */ = {isa = PBXFileReference; lastKnownFileType = sourcecode.swift; path = SearchBarView.swift; sourceTree = "<group>"; };
		E3A64C452671DC1C000A89D9 /* Drachma.app */ = {isa = PBXFileReference; explicitFileType = wrapper.application; includeInIndex = 0; path = Drachma.app; sourceTree = BUILT_PRODUCTS_DIR; };
		E3A64C482671DC1C000A89D9 /* DrachmaApp.swift */ = {isa = PBXFileReference; lastKnownFileType = sourcecode.swift; path = DrachmaApp.swift; sourceTree = "<group>"; };
		E3A64C4A2671DC1C000A89D9 /* ContentView.swift */ = {isa = PBXFileReference; lastKnownFileType = sourcecode.swift; path = ContentView.swift; sourceTree = "<group>"; };
		E3A64C4C2671DC1D000A89D9 /* Assets.xcassets */ = {isa = PBXFileReference; lastKnownFileType = folder.assetcatalog; path = Assets.xcassets; sourceTree = "<group>"; };
		E3A64C4F2671DC1D000A89D9 /* Preview Assets.xcassets */ = {isa = PBXFileReference; lastKnownFileType = folder.assetcatalog; path = "Preview Assets.xcassets"; sourceTree = "<group>"; };
		E3A64C512671DC1D000A89D9 /* Info.plist */ = {isa = PBXFileReference; lastKnownFileType = text.plist.xml; path = Info.plist; sourceTree = "<group>"; };
		E3A64C582671DEDE000A89D9 /* Color.swift */ = {isa = PBXFileReference; lastKnownFileType = sourcecode.swift; path = Color.swift; sourceTree = "<group>"; };
		E3A64C5E2671E18F000A89D9 /* HomeView.swift */ = {isa = PBXFileReference; lastKnownFileType = sourcecode.swift; path = HomeView.swift; sourceTree = "<group>"; };
		E3A64C622671E28E000A89D9 /* CircleButtonView.swift */ = {isa = PBXFileReference; lastKnownFileType = sourcecode.swift; path = CircleButtonView.swift; sourceTree = "<group>"; };
		E3A64C642671E565000A89D9 /* CircleButtonAnimationView.swift */ = {isa = PBXFileReference; lastKnownFileType = sourcecode.swift; path = CircleButtonAnimationView.swift; sourceTree = "<group>"; };
		E3A64C672671E843000A89D9 /* Coin.swift */ = {isa = PBXFileReference; lastKnownFileType = sourcecode.swift; path = Coin.swift; sourceTree = "<group>"; };
/* End PBXFileReference section */

/* Begin PBXFrameworksBuildPhase section */
		E3A64C422671DC1C000A89D9 /* Frameworks */ = {
			isa = PBXFrameworksBuildPhase;
			buildActionMask = 2147483647;
			files = (
			);
			runOnlyForDeploymentPostprocessing = 0;
		};
/* End PBXFrameworksBuildPhase section */

/* Begin PBXGroup section */
		E308BEDB2678721D0014E0C0 /* Utilities */ = {
			isa = PBXGroup;
			children = (
				E308BEDC2678723B0014E0C0 /* NetworkingManager.swift */,
				E308BEE526793B000014E0C0 /* LocalFileManager.swift */,
				E37428C2267EAA88004D59B1 /* HapticManager.swift */,
			);
			path = Utilities;
			sourceTree = "<group>";
		};
		E308BEDE26790AA90014E0C0 /* CoinImage */ = {
			isa = PBXGroup;
			children = (
				E308BEDF26790AB80014E0C0 /* CoinImageView.swift */,
				E308BEE326790DAF0014E0C0 /* CoinImageViewModel.swift */,
				E354064E267E4824005ADC0E /* CoinLogoView.swift */,
			);
			path = CoinImage;
			sourceTree = "<group>";
		};
		E3590FD02673BA4E00BB61E8 /* Services */ = {
			isa = PBXGroup;
			children = (
				E3590FD12673BA7F00BB61E8 /* CoinDataService.swift */,
				E308BEE726793BC00014E0C0 /* CoinImageService.swift */,
				E3540648267E382E005ADC0E /* MarketDataService.swift */,
				E37428C0267E8906004D59B1 /* PortfolioDataService.swift */,
			);
			path = Services;
			sourceTree = "<group>";
		};
		E3A64C3C2671DC1C000A89D9 = {
			isa = PBXGroup;
			children = (
				E3A64C472671DC1C000A89D9 /* Drachma */,
				E3A64C462671DC1C000A89D9 /* Products */,
			);
			sourceTree = "<group>";
		};
		E3A64C462671DC1C000A89D9 /* Products */ = {
			isa = PBXGroup;
			children = (
				E3A64C452671DC1C000A89D9 /* Drachma.app */,
			);
			name = Products;
			sourceTree = "<group>";
		};
		E3A64C472671DC1C000A89D9 /* Drachma */ = {
			isa = PBXGroup;
			children = (
				E3A64C482671DC1C000A89D9 /* DrachmaApp.swift */,
				E308BEDB2678721D0014E0C0 /* Utilities */,
				E3590FD02673BA4E00BB61E8 /* Services */,
				E3A64C572671DECE000A89D9 /* Extensions */,
				E3A64C662671E81D000A89D9 /* Models */,
				E3A64C5A2671E169000A89D9 /* Core */,
				E3A64C4A2671DC1C000A89D9 /* ContentView.swift */,
				E3A64C4C2671DC1D000A89D9 /* Assets.xcassets */,
				E3A64C512671DC1D000A89D9 /* Info.plist */,
				E3A64C4E2671DC1D000A89D9 /* Preview Content */,
			);
			path = Drachma;
			sourceTree = "<group>";
		};
		E3A64C4E2671DC1D000A89D9 /* Preview Content */ = {
			isa = PBXGroup;
			children = (
				E3A64C4F2671DC1D000A89D9 /* Preview Assets.xcassets */,
			);
			path = "Preview Content";
			sourceTree = "<group>";
		};
		E3A64C572671DECE000A89D9 /* Extensions */ = {
			isa = PBXGroup;
			children = (
				E3A64C582671DEDE000A89D9 /* Color.swift */,
				E35FC4562672741600F9E92B /* PreviewProvider.swift */,
				E3590FCC2673170B00BB61E8 /* Double.swift */,
				E354063C267DAC22005ADC0E /* UIApplication.swift */,
			);
			path = Extensions;
			sourceTree = "<group>";
		};
		E3A64C5A2671E169000A89D9 /* Core */ = {
			isa = PBXGroup;
			children = (
				E3A64C602671E26D000A89D9 /* Components */,
				E3A64C5B2671E172000A89D9 /* Home */,
			);
			path = Core;
			sourceTree = "<group>";
		};
		E3A64C5B2671E172000A89D9 /* Home */ = {
			isa = PBXGroup;
			children = (
				E3A64C5D2671E17E000A89D9 /* ViewModels */,
				E3A64C5C2671E179000A89D9 /* Views */,
			);
			path = Home;
			sourceTree = "<group>";
		};
		E3A64C5C2671E179000A89D9 /* Views */ = {
			isa = PBXGroup;
			children = (
				E3A64C5E2671E18F000A89D9 /* HomeView.swift */,
				E35FC4542672733200F9E92B /* CoinRowView.swift */,
				E3540644267E3009005ADC0E /* HomeStatsView.swift */,
				E354064A267E449B005ADC0E /* PortfolioView.swift */,
			);
			path = Views;
			sourceTree = "<group>";
		};
		E3A64C5D2671E17E000A89D9 /* ViewModels */ = {
			isa = PBXGroup;
			children = (
				E3590FCE2673AF5800BB61E8 /* HomeViewModel.swift */,
			);
			path = ViewModels;
			sourceTree = "<group>";
		};
		E3A64C602671E26D000A89D9 /* Components */ = {
			isa = PBXGroup;
			children = (
				E308BEDE26790AA90014E0C0 /* CoinImage */,
				E3A64C612671E282000A89D9 /* CircleButton */,
				E395DEA6267D85EB00878D3B /* SearchBarView.swift */,
				E3540640267E2D0B005ADC0E /* StatisticView.swift */,
				E354064C267E4683005ADC0E /* XMarkButton.swift */,
			);
			path = Components;
			sourceTree = "<group>";
		};
		E3A64C612671E282000A89D9 /* CircleButton */ = {
			isa = PBXGroup;
			children = (
				E3A64C622671E28E000A89D9 /* CircleButtonView.swift */,
				E3A64C642671E565000A89D9 /* CircleButtonAnimationView.swift */,
			);
			path = CircleButton;
			sourceTree = "<group>";
		};
		E3A64C662671E81D000A89D9 /* Models */ = {
			isa = PBXGroup;
			children = (
				E3A64C672671E843000A89D9 /* Coin.swift */,
				E354063E267E2BCA005ADC0E /* Statistic.swift */,
				E3540646267E35C6005ADC0E /* MarketDataModel.swift */,
				E37428BD267E886C004D59B1 /* PortfolioContainer.xcdatamodeld */,
			);
			path = Models;
			sourceTree = "<group>";
		};
/* End PBXGroup section */

/* Begin PBXNativeTarget section */
		E3A64C442671DC1C000A89D9 /* Drachma */ = {
			isa = PBXNativeTarget;
			buildConfigurationList = E3A64C542671DC1D000A89D9 /* Build configuration list for PBXNativeTarget "Drachma" */;
			buildPhases = (
				E3A64C412671DC1C000A89D9 /* Sources */,
				E3A64C422671DC1C000A89D9 /* Frameworks */,
				E3A64C432671DC1C000A89D9 /* Resources */,
			);
			buildRules = (
			);
			dependencies = (
			);
			name = Drachma;
			productName = Drachma;
			productReference = E3A64C452671DC1C000A89D9 /* Drachma.app */;
			productType = "com.apple.product-type.application";
		};
/* End PBXNativeTarget section */

/* Begin PBXProject section */
		E3A64C3D2671DC1C000A89D9 /* Project object */ = {
			isa = PBXProject;
			attributes = {
				LastSwiftUpdateCheck = 1250;
				LastUpgradeCheck = 1250;
				TargetAttributes = {
					E3A64C442671DC1C000A89D9 = {
						CreatedOnToolsVersion = 12.5;
					};
				};
			};
			buildConfigurationList = E3A64C402671DC1C000A89D9 /* Build configuration list for PBXProject "Drachma" */;
			compatibilityVersion = "Xcode 9.3";
			developmentRegion = en;
			hasScannedForEncodings = 0;
			knownRegions = (
				en,
				Base,
			);
			mainGroup = E3A64C3C2671DC1C000A89D9;
			productRefGroup = E3A64C462671DC1C000A89D9 /* Products */;
			projectDirPath = "";
			projectRoot = "";
			targets = (
				E3A64C442671DC1C000A89D9 /* Drachma */,
			);
		};
/* End PBXProject section */

/* Begin PBXResourcesBuildPhase section */
		E3A64C432671DC1C000A89D9 /* Resources */ = {
			isa = PBXResourcesBuildPhase;
			buildActionMask = 2147483647;
			files = (
				E3A64C502671DC1D000A89D9 /* Preview Assets.xcassets in Resources */,
				E3A64C4D2671DC1D000A89D9 /* Assets.xcassets in Resources */,
			);
			runOnlyForDeploymentPostprocessing = 0;
		};
/* End PBXResourcesBuildPhase section */

/* Begin PBXSourcesBuildPhase section */
		E3A64C412671DC1C000A89D9 /* Sources */ = {
			isa = PBXSourcesBuildPhase;
			buildActionMask = 2147483647;
			files = (
				E37428BF267E886C004D59B1 /* PortfolioContainer.xcdatamodeld in Sources */,
				E354063F267E2BCA005ADC0E /* Statistic.swift in Sources */,
				E3590FD22673BA7F00BB61E8 /* CoinDataService.swift in Sources */,
				E35FC4552672733200F9E92B /* CoinRowView.swift in Sources */,
				E354064D267E4683005ADC0E /* XMarkButton.swift in Sources */,
				E3590FCF2673AF5800BB61E8 /* HomeViewModel.swift in Sources */,
				E3A64C4B2671DC1C000A89D9 /* ContentView.swift in Sources */,
				E308BEE626793B000014E0C0 /* LocalFileManager.swift in Sources */,
				E3540647267E35C6005ADC0E /* MarketDataModel.swift in Sources */,
				E3A64C5F2671E18F000A89D9 /* HomeView.swift in Sources */,
				E3540641267E2D0B005ADC0E /* StatisticView.swift in Sources */,
				E308BEE026790AB80014E0C0 /* CoinImageView.swift in Sources */,
				E308BEE826793BC00014E0C0 /* CoinImageService.swift in Sources */,
				E354063D267DAC22005ADC0E /* UIApplication.swift in Sources */,
				E3A64C492671DC1C000A89D9 /* DrachmaApp.swift in Sources */,
				E3A64C632671E28E000A89D9 /* CircleButtonView.swift in Sources */,
				E37428C3267EAA88004D59B1 /* HapticManager.swift in Sources */,
				E395DEA7267D85EB00878D3B /* SearchBarView.swift in Sources */,
				E3A64C592671DEDE000A89D9 /* Color.swift in Sources */,
				E354064F267E4824005ADC0E /* CoinLogoView.swift in Sources */,
				E3540645267E3009005ADC0E /* HomeStatsView.swift in Sources */,
				E3540649267E382E005ADC0E /* MarketDataService.swift in Sources */,
				E308BEDD2678723B0014E0C0 /* NetworkingManager.swift in Sources */,
				E308BEE426790DAF0014E0C0 /* CoinImageViewModel.swift in Sources */,
				E3A64C652671E565000A89D9 /* CircleButtonAnimationView.swift in Sources */,
				E354064B267E449B005ADC0E /* PortfolioView.swift in Sources */,
				E35FC4572672741600F9E92B /* PreviewProvider.swift in Sources */,
				E3590FCD2673170B00BB61E8 /* Double.swift in Sources */,
				E3A64C682671E843000A89D9 /* Coin.swift in Sources */,
				E37428C1267E8906004D59B1 /* PortfolioDataService.swift in Sources */,
			);
			runOnlyForDeploymentPostprocessing = 0;
		};
/* End PBXSourcesBuildPhase section */

/* Begin XCBuildConfiguration section */
		E3A64C522671DC1D000A89D9 /* Debug */ = {
			isa = XCBuildConfiguration;
			buildSettings = {
				ALWAYS_SEARCH_USER_PATHS = NO;
				CLANG_ANALYZER_NONNULL = YES;
				CLANG_ANALYZER_NUMBER_OBJECT_CONVERSION = YES_AGGRESSIVE;
				CLANG_CXX_LANGUAGE_STANDARD = "gnu++14";
				CLANG_CXX_LIBRARY = "libc++";
				CLANG_ENABLE_MODULES = YES;
				CLANG_ENABLE_OBJC_ARC = YES;
				CLANG_ENABLE_OBJC_WEAK = YES;
				CLANG_WARN_BLOCK_CAPTURE_AUTORELEASING = YES;
				CLANG_WARN_BOOL_CONVERSION = YES;
				CLANG_WARN_COMMA = YES;
				CLANG_WARN_CONSTANT_CONVERSION = YES;
				CLANG_WARN_DEPRECATED_OBJC_IMPLEMENTATIONS = YES;
				CLANG_WARN_DIRECT_OBJC_ISA_USAGE = YES_ERROR;
				CLANG_WARN_DOCUMENTATION_COMMENTS = YES;
				CLANG_WARN_EMPTY_BODY = YES;
				CLANG_WARN_ENUM_CONVERSION = YES;
				CLANG_WARN_INFINITE_RECURSION = YES;
				CLANG_WARN_INT_CONVERSION = YES;
				CLANG_WARN_NON_LITERAL_NULL_CONVERSION = YES;
				CLANG_WARN_OBJC_IMPLICIT_RETAIN_SELF = YES;
				CLANG_WARN_OBJC_LITERAL_CONVERSION = YES;
				CLANG_WARN_OBJC_ROOT_CLASS = YES_ERROR;
				CLANG_WARN_QUOTED_INCLUDE_IN_FRAMEWORK_HEADER = YES;
				CLANG_WARN_RANGE_LOOP_ANALYSIS = YES;
				CLANG_WARN_STRICT_PROTOTYPES = YES;
				CLANG_WARN_SUSPICIOUS_MOVE = YES;
				CLANG_WARN_UNGUARDED_AVAILABILITY = YES_AGGRESSIVE;
				CLANG_WARN_UNREACHABLE_CODE = YES;
				CLANG_WARN__DUPLICATE_METHOD_MATCH = YES;
				COPY_PHASE_STRIP = NO;
				DEBUG_INFORMATION_FORMAT = dwarf;
				ENABLE_STRICT_OBJC_MSGSEND = YES;
				ENABLE_TESTABILITY = YES;
				GCC_C_LANGUAGE_STANDARD = gnu11;
				GCC_DYNAMIC_NO_PIC = NO;
				GCC_NO_COMMON_BLOCKS = YES;
				GCC_OPTIMIZATION_LEVEL = 0;
				GCC_PREPROCESSOR_DEFINITIONS = (
					"DEBUG=1",
					"$(inherited)",
				);
				GCC_WARN_64_TO_32_BIT_CONVERSION = YES;
				GCC_WARN_ABOUT_RETURN_TYPE = YES_ERROR;
				GCC_WARN_UNDECLARED_SELECTOR = YES;
				GCC_WARN_UNINITIALIZED_AUTOS = YES_AGGRESSIVE;
				GCC_WARN_UNUSED_FUNCTION = YES;
				GCC_WARN_UNUSED_VARIABLE = YES;
				IPHONEOS_DEPLOYMENT_TARGET = 14.5;
				MTL_ENABLE_DEBUG_INFO = INCLUDE_SOURCE;
				MTL_FAST_MATH = YES;
				ONLY_ACTIVE_ARCH = YES;
				SDKROOT = iphoneos;
				SWIFT_ACTIVE_COMPILATION_CONDITIONS = DEBUG;
				SWIFT_OPTIMIZATION_LEVEL = "-Onone";
			};
			name = Debug;
		};
		E3A64C532671DC1D000A89D9 /* Release */ = {
			isa = XCBuildConfiguration;
			buildSettings = {
				ALWAYS_SEARCH_USER_PATHS = NO;
				CLANG_ANALYZER_NONNULL = YES;
				CLANG_ANALYZER_NUMBER_OBJECT_CONVERSION = YES_AGGRESSIVE;
				CLANG_CXX_LANGUAGE_STANDARD = "gnu++14";
				CLANG_CXX_LIBRARY = "libc++";
				CLANG_ENABLE_MODULES = YES;
				CLANG_ENABLE_OBJC_ARC = YES;
				CLANG_ENABLE_OBJC_WEAK = YES;
				CLANG_WARN_BLOCK_CAPTURE_AUTORELEASING = YES;
				CLANG_WARN_BOOL_CONVERSION = YES;
				CLANG_WARN_COMMA = YES;
				CLANG_WARN_CONSTANT_CONVERSION = YES;
				CLANG_WARN_DEPRECATED_OBJC_IMPLEMENTATIONS = YES;
				CLANG_WARN_DIRECT_OBJC_ISA_USAGE = YES_ERROR;
				CLANG_WARN_DOCUMENTATION_COMMENTS = YES;
				CLANG_WARN_EMPTY_BODY = YES;
				CLANG_WARN_ENUM_CONVERSION = YES;
				CLANG_WARN_INFINITE_RECURSION = YES;
				CLANG_WARN_INT_CONVERSION = YES;
				CLANG_WARN_NON_LITERAL_NULL_CONVERSION = YES;
				CLANG_WARN_OBJC_IMPLICIT_RETAIN_SELF = YES;
				CLANG_WARN_OBJC_LITERAL_CONVERSION = YES;
				CLANG_WARN_OBJC_ROOT_CLASS = YES_ERROR;
				CLANG_WARN_QUOTED_INCLUDE_IN_FRAMEWORK_HEADER = YES;
				CLANG_WARN_RANGE_LOOP_ANALYSIS = YES;
				CLANG_WARN_STRICT_PROTOTYPES = YES;
				CLANG_WARN_SUSPICIOUS_MOVE = YES;
				CLANG_WARN_UNGUARDED_AVAILABILITY = YES_AGGRESSIVE;
				CLANG_WARN_UNREACHABLE_CODE = YES;
				CLANG_WARN__DUPLICATE_METHOD_MATCH = YES;
				COPY_PHASE_STRIP = NO;
				DEBUG_INFORMATION_FORMAT = "dwarf-with-dsym";
				ENABLE_NS_ASSERTIONS = NO;
				ENABLE_STRICT_OBJC_MSGSEND = YES;
				GCC_C_LANGUAGE_STANDARD = gnu11;
				GCC_NO_COMMON_BLOCKS = YES;
				GCC_WARN_64_TO_32_BIT_CONVERSION = YES;
				GCC_WARN_ABOUT_RETURN_TYPE = YES_ERROR;
				GCC_WARN_UNDECLARED_SELECTOR = YES;
				GCC_WARN_UNINITIALIZED_AUTOS = YES_AGGRESSIVE;
				GCC_WARN_UNUSED_FUNCTION = YES;
				GCC_WARN_UNUSED_VARIABLE = YES;
				IPHONEOS_DEPLOYMENT_TARGET = 14.5;
				MTL_ENABLE_DEBUG_INFO = NO;
				MTL_FAST_MATH = YES;
				SDKROOT = iphoneos;
				SWIFT_COMPILATION_MODE = wholemodule;
				SWIFT_OPTIMIZATION_LEVEL = "-O";
				VALIDATE_PRODUCT = YES;
			};
			name = Release;
		};
		E3A64C552671DC1D000A89D9 /* Debug */ = {
			isa = XCBuildConfiguration;
			buildSettings = {
				ASSETCATALOG_COMPILER_APPICON_NAME = AppIcon;
				ASSETCATALOG_COMPILER_GLOBAL_ACCENT_COLOR_NAME = AccentColor;
				CODE_SIGN_STYLE = Automatic;
				DEVELOPMENT_ASSET_PATHS = "\"Drachma/Preview Content\"";
				DEVELOPMENT_TEAM = FZF4NU59AF;
				ENABLE_PREVIEWS = YES;
				INFOPLIST_FILE = Drachma/Info.plist;
				IPHONEOS_DEPLOYMENT_TARGET = 14.0;
				LD_RUNPATH_SEARCH_PATHS = (
					"$(inherited)",
					"@executable_path/Frameworks",
				);
				PRODUCT_BUNDLE_IDENTIFIER = "Vivek-Pattanaik.Drachma";
				PRODUCT_NAME = "$(TARGET_NAME)";
				SWIFT_VERSION = 5.0;
				TARGETED_DEVICE_FAMILY = "1,2";
			};
			name = Debug;
		};
		E3A64C562671DC1D000A89D9 /* Release */ = {
			isa = XCBuildConfiguration;
			buildSettings = {
				ASSETCATALOG_COMPILER_APPICON_NAME = AppIcon;
				ASSETCATALOG_COMPILER_GLOBAL_ACCENT_COLOR_NAME = AccentColor;
				CODE_SIGN_STYLE = Automatic;
				DEVELOPMENT_ASSET_PATHS = "\"Drachma/Preview Content\"";
				DEVELOPMENT_TEAM = FZF4NU59AF;
				ENABLE_PREVIEWS = YES;
				INFOPLIST_FILE = Drachma/Info.plist;
				IPHONEOS_DEPLOYMENT_TARGET = 14.0;
				LD_RUNPATH_SEARCH_PATHS = (
					"$(inherited)",
					"@executable_path/Frameworks",
				);
				PRODUCT_BUNDLE_IDENTIFIER = "Vivek-Pattanaik.Drachma";
				PRODUCT_NAME = "$(TARGET_NAME)";
				SWIFT_VERSION = 5.0;
				TARGETED_DEVICE_FAMILY = "1,2";
			};
			name = Release;
		};
/* End XCBuildConfiguration section */

/* Begin XCConfigurationList section */
		E3A64C402671DC1C000A89D9 /* Build configuration list for PBXProject "Drachma" */ = {
			isa = XCConfigurationList;
			buildConfigurations = (
				E3A64C522671DC1D000A89D9 /* Debug */,
				E3A64C532671DC1D000A89D9 /* Release */,
			);
			defaultConfigurationIsVisible = 0;
			defaultConfigurationName = Release;
		};
		E3A64C542671DC1D000A89D9 /* Build configuration list for PBXNativeTarget "Drachma" */ = {
			isa = XCConfigurationList;
			buildConfigurations = (
				E3A64C552671DC1D000A89D9 /* Debug */,
				E3A64C562671DC1D000A89D9 /* Release */,
			);
			defaultConfigurationIsVisible = 0;
			defaultConfigurationName = Release;
		};
/* End XCConfigurationList section */

/* Begin XCVersionGroup section */
		E37428BD267E886C004D59B1 /* PortfolioContainer.xcdatamodeld */ = {
			isa = XCVersionGroup;
			children = (
				E37428BE267E886C004D59B1 /* PortfolioContainer.xcdatamodel */,
			);
			currentVersion = E37428BE267E886C004D59B1 /* PortfolioContainer.xcdatamodel */;
			path = PortfolioContainer.xcdatamodeld;
			sourceTree = "<group>";
			versionGroupType = wrapper.xcdatamodel;
		};
/* End XCVersionGroup section */
	};
	rootObject = E3A64C3D2671DC1C000A89D9 /* Project object */;
}
